<?xml version="1.0" encoding="UTF-8" standalone="yes" ?>
<CodeBlocks_project_file>
	<FileVersion major="1" minor="6" />
	<Project>
		<Option title="dmiget" />
		<Option makefile_is_custom="1" />
		<Option pch_mode="2" />
		<Option compiler="gcc" />
		<Build>
			<Target title="Debug">
				<Option output=".bin/Debug/dmiget" prefix_auto="1" extension_auto="1" />
				<Option object_output=".obj/Debug/" />
				<Option type="1" />
				<Option compiler="gcc" />
				<Option parameters="-i /home/perry/tmp/dmidata.bin -V" />
				<Compiler>
					<Add option="-g" />
					<Add option="-DDEBUG=1" />
				</Compiler>
			</Target>
			<Target title="Release">
				<Option output=".bin/Release/dmiget" prefix_auto="1" extension_auto="1" />
				<Option object_output=".obj/Release/" />
				<Option type="1" />
				<Option compiler="gcc" />
				<Compiler>
					<Add option="-O2" />
					<Add option="-DNDEBUG=1" />
				</Compiler>
				<Linker>
					<Add option="-s" />
				</Linker>
			</Target>
		</Build>
		<Compiler>
			<Add option="-Wall" />
			<Add option="-std=c++17" />
			<Add directory="src/libdmiget/include" />
		</Compiler>
		<Unit filename="src/dmiget/dmiget.cc" />
		<Unit filename="src/include/config.h" />
		<Unit filename="src/include/private/constants.h" />
		<Unit filename="src/include/private/data.h" />
		<Unit filename="src/include/private/decoders.h" />
		<Unit filename="src/include/private/decoders/baseboard.h" />
		<Unit filename="src/include/private/decoders/bios.h" />
		<Unit filename="src/include/private/decoders/chassis.h" />
		<Unit filename="src/include/private/decoders/memory.h" />
		<Unit filename="src/include/private/decoders/probe.h" />
		<Unit filename="src/include/private/decoders/processor.h" />
		<Unit filename="src/include/private/decoders/system.h" />
		<Unit filename="src/include/private/decoders/tools.h" />
		<Unit filename="src/include/private/decoders/tpm.h" />
		<Unit filename="src/include/private/intl.h" />
		<Unit filename="src/include/private/oemstring.h" />
		<Unit filename="src/include/private/python.h" />
		<Unit filename="src/include/smbios/defs.h" />
		<Unit filename="src/include/smbios/memsize.h" />
		<Unit filename="src/include/smbios/node.h" />
		<Unit filename="src/include/smbios/smbios.h" />
		<Unit filename="src/include/smbios/value.h" />
		<Unit filename="src/libdmiget/data.cc" />
		<Unit filename="src/libdmiget/decoders/baseboard.cc" />
		<Unit filename="src/libdmiget/decoders/bios.cc" />
		<Unit filename="src/libdmiget/decoders/chassis.cc" />
		<Unit filename="src/libdmiget/decoders/integer.cc" />
		<Unit filename="src/libdmiget/decoders/memory.cc" />
		<Unit filename="src/libdmiget/decoders/probes.cc" />
		<Unit filename="src/libdmiget/decoders/processor.cc" />
		<Unit filename="src/libdmiget/decoders/string.cc" />
		<Unit filename="src/libdmiget/decoders/system.cc" />
		<Unit filename="src/libdmiget/decoders/table.cc" />
		<Unit filename="src/libdmiget/decoders/tools.cc" />
		<Unit filename="src/libdmiget/decoders/tpm.cc" />
		<Unit filename="src/libdmiget/decoders/value.cc" />
		<Unit filename="src/libdmiget/node/foreach.cc" />
		<Unit filename="src/libdmiget/node/iterator.cc" />
		<Unit filename="src/libdmiget/node/next.cc" />
		<Unit filename="src/libdmiget/node/node.cc" />
		<Unit filename="src/libdmiget/os/linux/factory.cc" />
		<Unit filename="src/libdmiget/os/linux/private.h" />
		<Unit filename="src/libdmiget/os/linux/sysfs.cc" />
		<Unit filename="src/libdmiget/os/macos/data.cc" />
		<Unit filename="src/libdmiget/os/macos/private.h" />
		<Unit filename="src/libdmiget/os/windows/data.cc" />
		<Unit filename="src/libdmiget/os/windows/fromfile.cc" />
		<Unit filename="src/libdmiget/os/windows/native_win32.h" />
		<Unit filename="src/libdmiget/value/abstract.cc" />
		<Unit filename="src/libdmiget/value/decoded.cc" />
		<Unit filename="src/libdmiget/value/iterator.cc" />
		<Unit filename="src/libdmiget/value/memsize.cc" />
		<Unit filename="src/libdmiget/value/oemstring.cc" />
		<Unit filename="src/libdmiget/value/url.cc" />
		<Unit filename="src/python/init.c">
			<Option compilerVar="CC" />
		</Unit>
		<Unit filename="src/python/memsize.cc" />
		<Unit filename="src/python/moduleinfo.cc" />
		<Unit filename="src/python/node/methods.cc" />
		<Unit filename="src/python/node/type.c">
			<Option compilerVar="CC" />
		</Unit>
		<Unit filename="src/python/tools.cc" />
		<Unit filename="src/python/value/methods.cc" />
		<Unit filename="src/python/value/type.c">
			<Option compilerVar="CC" />
		</Unit>
		<Extensions />
	</Project>
</CodeBlocks_project_file>
