# generated by rye
# use `rye lock` or `rye sync` to update this lockfile
#
# last locked with the following flags:
#   pre: true
#   features: []
#   all-features: false
#   with-sources: false
#   generate-hashes: false
#   universal: false

-e file:.
beautifulsoup4==4.13.0b2
    # via bs4
bibtexparser==2.0.0b7
    # via bibmancli
bs4==0.0.2
    # via bibmancli
certifi==2024.7.4
    # via requests
charset-normalizer==3.3.2
    # via requests
click==8.1.7
    # via typer
habanero==1.2.6
    # via bibmancli
idna==3.7
    # via requests
linkify-it-py==2.0.3
    # via markdown-it-py
markdown-it-py==3.0.0
    # via mdit-py-plugins
    # via rich
    # via textual
mdit-py-plugins==0.4.1
    # via markdown-it-py
mdurl==0.1.2
    # via markdown-it-py
platformdirs==4.2.2
    # via textual
pyfzf-iter==0.0.1
    # via bibmancli
pygments==2.18.0
    # via rich
pylatexenc==2.10
    # via bibmancli
    # via bibtexparser
requests==2.32.3
    # via bibmancli
    # via habanero
rich==13.7.1
    # via textual
    # via typer
shellingham==1.5.4
    # via typer
soupsieve==2.6
    # via beautifulsoup4
textual==0.79.0
    # via bibmancli
tqdm==4.66.5
    # via habanero
typer==0.12.4
    # via bibmancli
typing-extensions==4.12.2
    # via beautifulsoup4
    # via textual
    # via typer
uc-micro-py==1.0.3
    # via linkify-it-py
urllib3==2.2.2
    # via requests
