# generated by rye
# use `rye lock` or `rye sync` to update this lockfile
#
# last locked with the following flags:
#   pre: false
#   features: []
#   all-features: false
#   with-sources: false
#   generate-hashes: false
#   universal: false

-e file:.
blessed==1.20.0
    # via curtsies
bpython==0.24
certifi==2024.8.30
    # via requests
charset-normalizer==3.4.0
    # via requests
curtsies==0.4.2
    # via bpython
cwcwidth==0.1.9
    # via bpython
    # via curtsies
greenlet==3.1.1
    # via bpython
idna==3.10
    # via requests
iniconfig==2.0.0
    # via pytest
networkx==3.4.2
numpy==2.1.2
    # via dict-lookup-mpnn-problem
packaging==24.1
    # via pytest
pluggy==1.5.0
    # via pytest
pygments==2.18.0
    # via bpython
pytest==8.3.3
pyxdg==0.28
    # via bpython
requests==2.32.3
    # via bpython
six==1.16.0
    # via blessed
urllib3==2.2.3
    # via requests
wcwidth==0.2.13
    # via blessed
